
Microsoft Visual Studio Solution File, Format Version 12.00
# Visual Studio Version 17
VisualStudioVersion = 17.7.34202.233
MinimumVisualStudioVersion = 10.0.40219.1
Project("{FAE04EC0-301F-11D3-BF4B-00C04F79EFBC}") = "NZWalks.API", "NZWalks.API\NZWalks.API.csproj", "{F0782564-3D7D-416C-B44E-6D99A6BA976D}"
EndProject
Global
	GlobalSection(SolutionConfigurationPlatforms) = preSolution
		Debug|Any CPU = Debug|Any CPU
		Release|Any CPU = Release|Any CPU
	EndGlobalSection
	GlobalSection(ProjectConfigurationPlatforms) = postSolution
		{F0782564-3D7D-416C-B44E-6D99A6BA976D}.Debug|Any CPU.ActiveCfg = Debug|Any CPU
		{F0782564-3D7D-416C-B44E-6D99A6BA976D}.Debug|Any CPU.Build.0 = Debug|Any CPU
		{F0782564-3D7D-416C-B44E-6D99A6BA976D}.Release|Any CPU.ActiveCfg = Release|Any CPU
		{F0782564-3D7D-416C-B44E-6D99A6BA976D}.Release|Any CPU.Build.0 = Release|Any CPU
	EndGlobalSection
	GlobalSection(SolutionProperties) = preSolution
		HideSolutionNode = FALSE
	EndGlobalSection
	GlobalSection(ExtensibilityGlobals) = postSolution
		SolutionGuid = {F01CCD19-3BDD-401E-BF83-5271A96988A1}
	EndGlobalSection
EndGlobal
